{"1.2.0",
[{<<"bucs">>,{pkg,<<"bucs">>,<<"1.0.16">>},1},
 {<<"ephemeral">>,{pkg,<<"ephemeral">>,<<"2.0.4">>},0}]}.
[
{pkg_hash,[
 {<<"bucs">>, <<"D69A4CD6D1238CD1ADC5C95673DBDE0F8459A5DBB7D746516434D8C6D935E96F">>},
 {<<"ephemeral">>, <<"B3E57886ADD5D90C82FE3880F5954978222A122CB8BAA123667401BBAAEC51D6">>}]},
{pkg_hash_ext,[
 {<<"bucs">>, <<"FF6A5C72A500AD7AEC1EE3BA164AE3C450EADEE898B0D151E1FACA18AC8D0D62">>},
 {<<"ephemeral">>, <<"4B293D80F75F9C4575FF4B9C8E889A56802F40B018BF57E74F19644EFEE6C850">>}]}
].
